// !$*UTF8*$!
{
	archiveVersion = 1;
	classes = {
	};
	objectVersion = 56;
	objects = {

/* Begin PBXBuildFile section */
		FF068A7A2CE4CACE001272C2 /* BetterMeApp.swift in Sources */ = {isa = PBXBuildFile; fileRef = FF068A792CE4CACE001272C2 /* BetterMeApp.swift */; };
		FF068A7E2CE4CADA001272C2 /* Assets.xcassets in Resources */ = {isa = PBXBuildFile; fileRef = FF068A7D2CE4CADA001272C2 /* Assets.xcassets */; };
		FF068A812CE4CADA001272C2 /* Preview Assets.xcassets in Resources */ = {isa = PBXBuildFile; fileRef = FF068A802CE4CADA001272C2 /* Preview Assets.xcassets */; };
		FF068A8D2CE4CCB5001272C2 /* HomeView.swift in Sources */ = {isa = PBXBuildFile; fileRef = FF068A8C2CE4CCB5001272C2 /* HomeView.swift */; };
		FF068A8F2CE4CCF7001272C2 /* TabItem.swift in Sources */ = {isa = PBXBuildFile; fileRef = FF068A8E2CE4CCF7001272C2 /* TabItem.swift */; };
		FF068A952CE4D7BC001272C2 /* HabitView.swift in Sources */ = {isa = PBXBuildFile; fileRef = FF068A942CE4D7BC001272C2 /* HabitView.swift */; };
		FF068A972CE4DACF001272C2 /* PlanningView.swift in Sources */ = {isa = PBXBuildFile; fileRef = FF068A962CE4DACF001272C2 /* PlanningView.swift */; };
		FF25A7F22CECA48B0059DD6E /* HistoricButtons.swift in Sources */ = {isa = PBXBuildFile; fileRef = FF25A7F12CECA48A0059DD6E /* HistoricButtons.swift */; };
		FF3BF9F42CEBF8950040C890 /* Historic.swift in Sources */ = {isa = PBXBuildFile; fileRef = FF3BF9F32CEBF8950040C890 /* Historic.swift */; };
		FF3BF9F62CEBFB650040C890 /* HistoricItem.swift in Sources */ = {isa = PBXBuildFile; fileRef = FF3BF9F52CEBFB650040C890 /* HistoricItem.swift */; };
		FF45ECD72CEB63BC00A6160F /* UpdateDetailView.swift in Sources */ = {isa = PBXBuildFile; fileRef = FF45ECD62CEB63BC00A6160F /* UpdateDetailView.swift */; };
		FF45ECD92CEB643100A6160F /* DetailBody.swift in Sources */ = {isa = PBXBuildFile; fileRef = FF45ECD82CEB643100A6160F /* DetailBody.swift */; };
		FF45ECDB2CEB65D200A6160F /* AddDetailView.swift in Sources */ = {isa = PBXBuildFile; fileRef = FF45ECDA2CEB65D200A6160F /* AddDetailView.swift */; };
		FF45ECDE2CEBA3DE00A6160F /* ProgressView.swift in Sources */ = {isa = PBXBuildFile; fileRef = FF45ECDD2CEBA3DE00A6160F /* ProgressView.swift */; };
		FF4B05BE2CE57363003A780B /* Double.swift in Sources */ = {isa = PBXBuildFile; fileRef = FF4B05BD2CE57363003A780B /* Double.swift */; };
		FF4B05C02CE573BB003A780B /* ProgressBar.swift in Sources */ = {isa = PBXBuildFile; fileRef = FF4B05BF2CE573BB003A780B /* ProgressBar.swift */; };
		FF5189B62CED1B3E009D7A91 /* PlanningItem.swift in Sources */ = {isa = PBXBuildFile; fileRef = FF5189B52CED1B3E009D7A91 /* PlanningItem.swift */; };
		FFBA16AE2CE4FBC90029BDCB /* HabitTitle.swift in Sources */ = {isa = PBXBuildFile; fileRef = FFBA16AD2CE4FBC90029BDCB /* HabitTitle.swift */; };
		FFCBA4732CE80AFE00C2234A /* ColorPickerSheet.swift in Sources */ = {isa = PBXBuildFile; fileRef = FFCBA4722CE80AFE00C2234A /* ColorPickerSheet.swift */; };
		FFCBA4752CE8149400C2234A /* FrequencySelector.swift in Sources */ = {isa = PBXBuildFile; fileRef = FFCBA4742CE8149400C2234A /* FrequencySelector.swift */; };
		FFCBA4772CE81E3500C2234A /* DayFrequency.swift in Sources */ = {isa = PBXBuildFile; fileRef = FFCBA4762CE81E3500C2234A /* DayFrequency.swift */; };
		FFDE71A12CE5EA880039B7EE /* DateTabView.swift in Sources */ = {isa = PBXBuildFile; fileRef = FFDE71A02CE5EA880039B7EE /* DateTabView.swift */; };
		FFDE71A92CE627210039B7EE /* DayItem.swift in Sources */ = {isa = PBXBuildFile; fileRef = FFDE71A82CE627210039B7EE /* DayItem.swift */; };
		FFDE71AB2CE6499C0039B7EE /* FloatingButton.swift in Sources */ = {isa = PBXBuildFile; fileRef = FFDE71AA2CE6499C0039B7EE /* FloatingButton.swift */; };
		FFDE71AD2CE64B2A0039B7EE /* Habit.swift in Sources */ = {isa = PBXBuildFile; fileRef = FFDE71AC2CE64B2A0039B7EE /* Habit.swift */; };
		FFDE71B22CE666510039B7EE /* HabitItem.swift in Sources */ = {isa = PBXBuildFile; fileRef = FFDE71B12CE666510039B7EE /* HabitItem.swift */; };
		FFDE71BE2CE6D2C10039B7EE /* EmptyList.swift in Sources */ = {isa = PBXBuildFile; fileRef = FFDE71BD2CE6D2C10039B7EE /* EmptyList.swift */; };
		FFDE71C02CE6D3CE0039B7EE /* String.swift in Sources */ = {isa = PBXBuildFile; fileRef = FFDE71BF2CE6D3CE0039B7EE /* String.swift */; };
		FFDE71C22CE6DAE80039B7EE /* CustomTextField.swift in Sources */ = {isa = PBXBuildFile; fileRef = FFDE71C12CE6DAE80039B7EE /* CustomTextField.swift */; };
		FFDE71C42CE6DBBD0039B7EE /* CustomButton.swift in Sources */ = {isa = PBXBuildFile; fileRef = FFDE71C32CE6DBBD0039B7EE /* CustomButton.swift */; };
		FFDE71C62CE6DC740039B7EE /* IconTextField.swift in Sources */ = {isa = PBXBuildFile; fileRef = FFDE71C52CE6DC740039B7EE /* IconTextField.swift */; };
		FFDE71CB2CE7C5560039B7EE /* IconPickerSheet.swift in Sources */ = {isa = PBXBuildFile; fileRef = FFDE71CA2CE7C5560039B7EE /* IconPickerSheet.swift */; };
		FFFAEE472CE5607B00AE1598 /* Date.swift in Sources */ = {isa = PBXBuildFile; fileRef = FFFAEE462CE5607B00AE1598 /* Date.swift */; };
/* End PBXBuildFile section */

/* Begin PBXFileReference section */
		FF068A762CE4CACE001272C2 /* BetterMe.app */ = {isa = PBXFileReference; explicitFileType = wrapper.application; includeInIndex = 0; path = BetterMe.app; sourceTree = BUILT_PRODUCTS_DIR; };
		FF068A792CE4CACE001272C2 /* BetterMeApp.swift */ = {isa = PBXFileReference; lastKnownFileType = sourcecode.swift; path = BetterMeApp.swift; sourceTree = "<group>"; };
		FF068A7D2CE4CADA001272C2 /* Assets.xcassets */ = {isa = PBXFileReference; lastKnownFileType = folder.assetcatalog; path = Assets.xcassets; sourceTree = "<group>"; };
		FF068A802CE4CADA001272C2 /* Preview Assets.xcassets */ = {isa = PBXFileReference; lastKnownFileType = folder.assetcatalog; path = "Preview Assets.xcassets"; sourceTree = "<group>"; };
		FF068A8C2CE4CCB5001272C2 /* HomeView.swift */ = {isa = PBXFileReference; lastKnownFileType = sourcecode.swift; path = HomeView.swift; sourceTree = "<group>"; };
		FF068A8E2CE4CCF7001272C2 /* TabItem.swift */ = {isa = PBXFileReference; lastKnownFileType = sourcecode.swift; path = TabItem.swift; sourceTree = "<group>"; };
		FF068A942CE4D7BC001272C2 /* HabitView.swift */ = {isa = PBXFileReference; lastKnownFileType = sourcecode.swift; path = HabitView.swift; sourceTree = "<group>"; };
		FF068A962CE4DACF001272C2 /* PlanningView.swift */ = {isa = PBXFileReference; lastKnownFileType = sourcecode.swift; path = PlanningView.swift; sourceTree = "<group>"; };
		FF25A7F12CECA48A0059DD6E /* HistoricButtons.swift */ = {isa = PBXFileReference; lastKnownFileType = sourcecode.swift; path = HistoricButtons.swift; sourceTree = "<group>"; };
		FF3BF9F32CEBF8950040C890 /* Historic.swift */ = {isa = PBXFileReference; lastKnownFileType = sourcecode.swift; path = Historic.swift; sourceTree = "<group>"; };
		FF3BF9F52CEBFB650040C890 /* HistoricItem.swift */ = {isa = PBXFileReference; lastKnownFileType = sourcecode.swift; path = HistoricItem.swift; sourceTree = "<group>"; };
		FF45ECD62CEB63BC00A6160F /* UpdateDetailView.swift */ = {isa = PBXFileReference; lastKnownFileType = sourcecode.swift; path = UpdateDetailView.swift; sourceTree = "<group>"; };
		FF45ECD82CEB643100A6160F /* DetailBody.swift */ = {isa = PBXFileReference; lastKnownFileType = sourcecode.swift; path = DetailBody.swift; sourceTree = "<group>"; };
		FF45ECDA2CEB65D200A6160F /* AddDetailView.swift */ = {isa = PBXFileReference; lastKnownFileType = sourcecode.swift; path = AddDetailView.swift; sourceTree = "<group>"; };
		FF45ECDD2CEBA3DE00A6160F /* ProgressView.swift */ = {isa = PBXFileReference; lastKnownFileType = sourcecode.swift; path = ProgressView.swift; sourceTree = "<group>"; };
		FF4B05BD2CE57363003A780B /* Double.swift */ = {isa = PBXFileReference; lastKnownFileType = sourcecode.swift; path = Double.swift; sourceTree = "<group>"; };
		FF4B05BF2CE573BB003A780B /* ProgressBar.swift */ = {isa = PBXFileReference; lastKnownFileType = sourcecode.swift; path = ProgressBar.swift; sourceTree = "<group>"; };
		FF5189B52CED1B3E009D7A91 /* PlanningItem.swift */ = {isa = PBXFileReference; lastKnownFileType = sourcecode.swift; path = PlanningItem.swift; sourceTree = "<group>"; };
		FFBA16AD2CE4FBC90029BDCB /* HabitTitle.swift */ = {isa = PBXFileReference; lastKnownFileType = sourcecode.swift; path = HabitTitle.swift; sourceTree = "<group>"; };
		FFCBA4722CE80AFE00C2234A /* ColorPickerSheet.swift */ = {isa = PBXFileReference; lastKnownFileType = sourcecode.swift; path = ColorPickerSheet.swift; sourceTree = "<group>"; };
		FFCBA4742CE8149400C2234A /* FrequencySelector.swift */ = {isa = PBXFileReference; lastKnownFileType = sourcecode.swift; path = FrequencySelector.swift; sourceTree = "<group>"; };
		FFCBA4762CE81E3500C2234A /* DayFrequency.swift */ = {isa = PBXFileReference; lastKnownFileType = sourcecode.swift; path = DayFrequency.swift; sourceTree = "<group>"; };
		FFDE71A02CE5EA880039B7EE /* DateTabView.swift */ = {isa = PBXFileReference; lastKnownFileType = sourcecode.swift; path = DateTabView.swift; sourceTree = "<group>"; };
		FFDE71A82CE627210039B7EE /* DayItem.swift */ = {isa = PBXFileReference; lastKnownFileType = sourcecode.swift; path = DayItem.swift; sourceTree = "<group>"; };
		FFDE71AA2CE6499C0039B7EE /* FloatingButton.swift */ = {isa = PBXFileReference; lastKnownFileType = sourcecode.swift; path = FloatingButton.swift; sourceTree = "<group>"; };
		FFDE71AC2CE64B2A0039B7EE /* Habit.swift */ = {isa = PBXFileReference; lastKnownFileType = sourcecode.swift; name = Habit.swift; path = ../../../../Habit.swift; sourceTree = "<group>"; };
		FFDE71B12CE666510039B7EE /* HabitItem.swift */ = {isa = PBXFileReference; lastKnownFileType = sourcecode.swift; path = HabitItem.swift; sourceTree = "<group>"; };
		FFDE71BD2CE6D2C10039B7EE /* EmptyList.swift */ = {isa = PBXFileReference; lastKnownFileType = sourcecode.swift; path = EmptyList.swift; sourceTree = "<group>"; };
		FFDE71BF2CE6D3CE0039B7EE /* String.swift */ = {isa = PBXFileReference; lastKnownFileType = sourcecode.swift; path = String.swift; sourceTree = "<group>"; };
		FFDE71C12CE6DAE80039B7EE /* CustomTextField.swift */ = {isa = PBXFileReference; lastKnownFileType = sourcecode.swift; path = CustomTextField.swift; sourceTree = "<group>"; };
		FFDE71C32CE6DBBD0039B7EE /* CustomButton.swift */ = {isa = PBXFileReference; lastKnownFileType = sourcecode.swift; path = CustomButton.swift; sourceTree = "<group>"; };
		FFDE71C52CE6DC740039B7EE /* IconTextField.swift */ = {isa = PBXFileReference; lastKnownFileType = sourcecode.swift; path = IconTextField.swift; sourceTree = "<group>"; };
		FFDE71CA2CE7C5560039B7EE /* IconPickerSheet.swift */ = {isa = PBXFileReference; lastKnownFileType = sourcecode.swift; path = IconPickerSheet.swift; sourceTree = "<group>"; };
		FFFAEE462CE5607B00AE1598 /* Date.swift */ = {isa = PBXFileReference; lastKnownFileType = sourcecode.swift; path = Date.swift; sourceTree = "<group>"; };
/* End PBXFileReference section */

/* Begin PBXFrameworksBuildPhase section */
		FF068A732CE4CACE001272C2 /* Frameworks */ = {
			isa = PBXFrameworksBuildPhase;
			buildActionMask = 2147483647;
			files = (
			);
			runOnlyForDeploymentPostprocessing = 0;
		};
/* End PBXFrameworksBuildPhase section */

/* Begin PBXGroup section */
		FF068A6D2CE4CACD001272C2 = {
			isa = PBXGroup;
			children = (
				FF068A782CE4CACE001272C2 /* BetterMe */,
				FF068A772CE4CACE001272C2 /* Products */,
			);
			sourceTree = "<group>";
		};
		FF068A772CE4CACE001272C2 /* Products */ = {
			isa = PBXGroup;
			children = (
				FF068A762CE4CACE001272C2 /* BetterMe.app */,
			);
			name = Products;
			sourceTree = "<group>";
		};
		FF068A782CE4CACE001272C2 /* BetterMe */ = {
			isa = PBXGroup;
			children = (
				FFFAEE452CE5604200AE1598 /* Extension */,
				FF068A892CE4CBBA001272C2 /* Model */,
				FF068A882CE4CBB1001272C2 /* View */,
				FF068A792CE4CACE001272C2 /* BetterMeApp.swift */,
				FF068A7D2CE4CADA001272C2 /* Assets.xcassets */,
				FF068A7F2CE4CADA001272C2 /* Preview Content */,
			);
			path = BetterMe;
			sourceTree = "<group>";
		};
		FF068A7F2CE4CADA001272C2 /* Preview Content */ = {
			isa = PBXGroup;
			children = (
				FF068A802CE4CADA001272C2 /* Preview Assets.xcassets */,
			);
			path = "Preview Content";
			sourceTree = "<group>";
		};
		FF068A882CE4CBB1001272C2 /* View */ = {
			isa = PBXGroup;
			children = (
				FF068A912CE4D6AF001272C2 /* Common */,
				FF068A922CE4D6B6001272C2 /* Planning */,
				FF45ECDC2CEBA3A800A6160F /* Progress */,
				FF068A902CE4D696001272C2 /* Habit */,
				FFDE71AE2CE65E200039B7EE /* Detail */,
				FF068A8B2CE4CBCB001272C2 /* Home */,
			);
			path = View;
			sourceTree = "<group>";
		};
		FF068A892CE4CBBA001272C2 /* Model */ = {
			isa = PBXGroup;
			children = (
				FFDE71AC2CE64B2A0039B7EE /* Habit.swift */,
				FFCBA4762CE81E3500C2234A /* DayFrequency.swift */,
				FF3BF9F32CEBF8950040C890 /* Historic.swift */,
			);
			path = Model;
			sourceTree = "<group>";
		};
		FF068A8B2CE4CBCB001272C2 /* Home */ = {
			isa = PBXGroup;
			children = (
				FF068A8C2CE4CCB5001272C2 /* HomeView.swift */,
				FF068A8E2CE4CCF7001272C2 /* TabItem.swift */,
			);
			path = Home;
			sourceTree = "<group>";
		};
		FF068A902CE4D696001272C2 /* Habit */ = {
			isa = PBXGroup;
			children = (
				FFDE71B12CE666510039B7EE /* HabitItem.swift */,
				FFBA16AD2CE4FBC90029BDCB /* HabitTitle.swift */,
				FF068A942CE4D7BC001272C2 /* HabitView.swift */,
				FF4B05BF2CE573BB003A780B /* ProgressBar.swift */,
			);
			path = Habit;
			sourceTree = "<group>";
		};
		FF068A912CE4D6AF001272C2 /* Common */ = {
			isa = PBXGroup;
			children = (
				FFDE71A02CE5EA880039B7EE /* DateTabView.swift */,
				FFDE71A82CE627210039B7EE /* DayItem.swift */,
				FFDE71AA2CE6499C0039B7EE /* FloatingButton.swift */,
				FFDE71BD2CE6D2C10039B7EE /* EmptyList.swift */,
				FFDE71C12CE6DAE80039B7EE /* CustomTextField.swift */,
				FFCBA4742CE8149400C2234A /* FrequencySelector.swift */,
				FFDE71C32CE6DBBD0039B7EE /* CustomButton.swift */,
				FFDE71C52CE6DC740039B7EE /* IconTextField.swift */,
				FFDE71CA2CE7C5560039B7EE /* IconPickerSheet.swift */,
				FFCBA4722CE80AFE00C2234A /* ColorPickerSheet.swift */,
			);
			path = Common;
			sourceTree = "<group>";
		};
		FF068A922CE4D6B6001272C2 /* Planning */ = {
			isa = PBXGroup;
			children = (
				FF068A962CE4DACF001272C2 /* PlanningView.swift */,
				FF5189B52CED1B3E009D7A91 /* PlanningItem.swift */,
			);
			path = Planning;
			sourceTree = "<group>";
		};
		FF45ECDC2CEBA3A800A6160F /* Progress */ = {
			isa = PBXGroup;
			children = (
				FF3BF9F52CEBFB650040C890 /* HistoricItem.swift */,
				FF25A7F12CECA48A0059DD6E /* HistoricButtons.swift */,
				FF45ECDD2CEBA3DE00A6160F /* ProgressView.swift */,
			);
			path = Progress;
			sourceTree = "<group>";
		};
		FFDE71AE2CE65E200039B7EE /* Detail */ = {
			isa = PBXGroup;
			children = (
				FF45ECDA2CEB65D200A6160F /* AddDetailView.swift */,
				FF45ECD62CEB63BC00A6160F /* UpdateDetailView.swift */,
				FF45ECD82CEB643100A6160F /* DetailBody.swift */,
			);
			path = Detail;
			sourceTree = "<group>";
		};
		FFFAEE452CE5604200AE1598 /* Extension */ = {
			isa = PBXGroup;
			children = (
				FFFAEE462CE5607B00AE1598 /* Date.swift */,
				FF4B05BD2CE57363003A780B /* Double.swift */,
				FFDE71BF2CE6D3CE0039B7EE /* String.swift */,
			);
			path = Extension;
			sourceTree = "<group>";
		};
/* End PBXGroup section */

/* Begin PBXNativeTarget section */
		FF068A752CE4CACE001272C2 /* BetterMe */ = {
			isa = PBXNativeTarget;
			buildConfigurationList = FF068A842CE4CADA001272C2 /* Build configuration list for PBXNativeTarget "BetterMe" */;
			buildPhases = (
				FF068A722CE4CACE001272C2 /* Sources */,
				FF068A732CE4CACE001272C2 /* Frameworks */,
				FF068A742CE4CACE001272C2 /* Resources */,
			);
			buildRules = (
			);
			dependencies = (
			);
			name = BetterMe;
			productName = BetterMe;
			productReference = FF068A762CE4CACE001272C2 /* BetterMe.app */;
			productType = "com.apple.product-type.application";
		};
/* End PBXNativeTarget section */

/* Begin PBXProject section */
		FF068A6E2CE4CACD001272C2 /* Project object */ = {
			isa = PBXProject;
			attributes = {
				BuildIndependentTargetsInParallel = 1;
				LastSwiftUpdateCheck = 1540;
				LastUpgradeCheck = 1540;
				TargetAttributes = {
					FF068A752CE4CACE001272C2 = {
						CreatedOnToolsVersion = 15.4;
					};
				};
			};
			buildConfigurationList = FF068A712CE4CACE001272C2 /* Build configuration list for PBXProject "BetterMe" */;
			compatibilityVersion = "Xcode 14.0";
			developmentRegion = en;
			hasScannedForEncodings = 0;
			knownRegions = (
				en,
				Base,
			);
			mainGroup = FF068A6D2CE4CACD001272C2;
			productRefGroup = FF068A772CE4CACE001272C2 /* Products */;
			projectDirPath = "";
			projectRoot = "";
			targets = (
				FF068A752CE4CACE001272C2 /* BetterMe */,
			);
		};
/* End PBXProject section */

/* Begin PBXResourcesBuildPhase section */
		FF068A742CE4CACE001272C2 /* Resources */ = {
			isa = PBXResourcesBuildPhase;
			buildActionMask = 2147483647;
			files = (
				FF068A812CE4CADA001272C2 /* Preview Assets.xcassets in Resources */,
				FF068A7E2CE4CADA001272C2 /* Assets.xcassets in Resources */,
			);
			runOnlyForDeploymentPostprocessing = 0;
		};
/* End PBXResourcesBuildPhase section */

/* Begin PBXSourcesBuildPhase section */
		FF068A722CE4CACE001272C2 /* Sources */ = {
			isa = PBXSourcesBuildPhase;
			buildActionMask = 2147483647;
			files = (
				FF25A7F22CECA48B0059DD6E /* HistoricButtons.swift in Sources */,
				FF45ECD72CEB63BC00A6160F /* UpdateDetailView.swift in Sources */,
				FF068A8D2CE4CCB5001272C2 /* HomeView.swift in Sources */,
				FFDE71B22CE666510039B7EE /* HabitItem.swift in Sources */,
				FFDE71C02CE6D3CE0039B7EE /* String.swift in Sources */,
				FFCBA4772CE81E3500C2234A /* DayFrequency.swift in Sources */,
				FFDE71A12CE5EA880039B7EE /* DateTabView.swift in Sources */,
				FF3BF9F42CEBF8950040C890 /* Historic.swift in Sources */,
				FF3BF9F62CEBFB650040C890 /* HistoricItem.swift in Sources */,
				FFDE71C42CE6DBBD0039B7EE /* CustomButton.swift in Sources */,
				FFFAEE472CE5607B00AE1598 /* Date.swift in Sources */,
				FFDE71AB2CE6499C0039B7EE /* FloatingButton.swift in Sources */,
				FF068A972CE4DACF001272C2 /* PlanningView.swift in Sources */,
				FF4B05BE2CE57363003A780B /* Double.swift in Sources */,
				FF068A952CE4D7BC001272C2 /* HabitView.swift in Sources */,
				FFBA16AE2CE4FBC90029BDCB /* HabitTitle.swift in Sources */,
				FF068A8F2CE4CCF7001272C2 /* TabItem.swift in Sources */,
				FFDE71AD2CE64B2A0039B7EE /* Habit.swift in Sources */,
				FF5189B62CED1B3E009D7A91 /* PlanningItem.swift in Sources */,
				FFDE71A92CE627210039B7EE /* DayItem.swift in Sources */,
				FFDE71C62CE6DC740039B7EE /* IconTextField.swift in Sources */,
				FF45ECDE2CEBA3DE00A6160F /* ProgressView.swift in Sources */,
				FF4B05C02CE573BB003A780B /* ProgressBar.swift in Sources */,
				FFCBA4752CE8149400C2234A /* FrequencySelector.swift in Sources */,
				FFDE71C22CE6DAE80039B7EE /* CustomTextField.swift in Sources */,
				FF45ECDB2CEB65D200A6160F /* AddDetailView.swift in Sources */,
				FFDE71CB2CE7C5560039B7EE /* IconPickerSheet.swift in Sources */,
				FF45ECD92CEB643100A6160F /* DetailBody.swift in Sources */,
				FFDE71BE2CE6D2C10039B7EE /* EmptyList.swift in Sources */,
				FFCBA4732CE80AFE00C2234A /* ColorPickerSheet.swift in Sources */,
				FF068A7A2CE4CACE001272C2 /* BetterMeApp.swift in Sources */,
			);
			runOnlyForDeploymentPostprocessing = 0;
		};
/* End PBXSourcesBuildPhase section */

/* Begin XCBuildConfiguration section */
		FF068A822CE4CADA001272C2 /* Debug */ = {
			isa = XCBuildConfiguration;
			buildSettings = {
				ALWAYS_SEARCH_USER_PATHS = NO;
				ASSETCATALOG_COMPILER_GENERATE_SWIFT_ASSET_SYMBOL_EXTENSIONS = YES;
				CLANG_ANALYZER_NONNULL = YES;
				CLANG_ANALYZER_NUMBER_OBJECT_CONVERSION = YES_AGGRESSIVE;
				CLANG_CXX_LANGUAGE_STANDARD = "gnu++20";
				CLANG_ENABLE_MODULES = YES;
				CLANG_ENABLE_OBJC_ARC = YES;
				CLANG_ENABLE_OBJC_WEAK = YES;
				CLANG_WARN_BLOCK_CAPTURE_AUTORELEASING = YES;
				CLANG_WARN_BOOL_CONVERSION = YES;
				CLANG_WARN_COMMA = YES;
				CLANG_WARN_CONSTANT_CONVERSION = YES;
				CLANG_WARN_DEPRECATED_OBJC_IMPLEMENTATIONS = YES;
				CLANG_WARN_DIRECT_OBJC_ISA_USAGE = YES_ERROR;
				CLANG_WARN_DOCUMENTATION_COMMENTS = YES;
				CLANG_WARN_EMPTY_BODY = YES;
				CLANG_WARN_ENUM_CONVERSION = YES;
				CLANG_WARN_INFINITE_RECURSION = YES;
				CLANG_WARN_INT_CONVERSION = YES;
				CLANG_WARN_NON_LITERAL_NULL_CONVERSION = YES;
				CLANG_WARN_OBJC_IMPLICIT_RETAIN_SELF = YES;
				CLANG_WARN_OBJC_LITERAL_CONVERSION = YES;
				CLANG_WARN_OBJC_ROOT_CLASS = YES_ERROR;
				CLANG_WARN_QUOTED_INCLUDE_IN_FRAMEWORK_HEADER = YES;
				CLANG_WARN_RANGE_LOOP_ANALYSIS = YES;
				CLANG_WARN_STRICT_PROTOTYPES = YES;
				CLANG_WARN_SUSPICIOUS_MOVE = YES;
				CLANG_WARN_UNGUARDED_AVAILABILITY = YES_AGGRESSIVE;
				CLANG_WARN_UNREACHABLE_CODE = YES;
				CLANG_WARN__DUPLICATE_METHOD_MATCH = YES;
				COPY_PHASE_STRIP = NO;
				DEBUG_INFORMATION_FORMAT = dwarf;
				ENABLE_STRICT_OBJC_MSGSEND = YES;
				ENABLE_TESTABILITY = YES;
				ENABLE_USER_SCRIPT_SANDBOXING = YES;
				GCC_C_LANGUAGE_STANDARD = gnu17;
				GCC_DYNAMIC_NO_PIC = NO;
				GCC_NO_COMMON_BLOCKS = YES;
				GCC_OPTIMIZATION_LEVEL = 0;
				GCC_PREPROCESSOR_DEFINITIONS = (
					"DEBUG=1",
					"$(inherited)",
				);
				GCC_WARN_64_TO_32_BIT_CONVERSION = YES;
				GCC_WARN_ABOUT_RETURN_TYPE = YES_ERROR;
				GCC_WARN_UNDECLARED_SELECTOR = YES;
				GCC_WARN_UNINITIALIZED_AUTOS = YES_AGGRESSIVE;
				GCC_WARN_UNUSED_FUNCTION = YES;
				GCC_WARN_UNUSED_VARIABLE = YES;
				IPHONEOS_DEPLOYMENT_TARGET = 17.5;
				LOCALIZATION_PREFERS_STRING_CATALOGS = YES;
				MTL_ENABLE_DEBUG_INFO = INCLUDE_SOURCE;
				MTL_FAST_MATH = YES;
				ONLY_ACTIVE_ARCH = YES;
				SDKROOT = iphoneos;
				SWIFT_ACTIVE_COMPILATION_CONDITIONS = "DEBUG $(inherited)";
				SWIFT_OPTIMIZATION_LEVEL = "-Onone";
			};
			name = Debug;
		};
		FF068A832CE4CADA001272C2 /* Release */ = {
			isa = XCBuildConfiguration;
			buildSettings = {
				ALWAYS_SEARCH_USER_PATHS = NO;
				ASSETCATALOG_COMPILER_GENERATE_SWIFT_ASSET_SYMBOL_EXTENSIONS = YES;
				CLANG_ANALYZER_NONNULL = YES;
				CLANG_ANALYZER_NUMBER_OBJECT_CONVERSION = YES_AGGRESSIVE;
				CLANG_CXX_LANGUAGE_STANDARD = "gnu++20";
				CLANG_ENABLE_MODULES = YES;
				CLANG_ENABLE_OBJC_ARC = YES;
				CLANG_ENABLE_OBJC_WEAK = YES;
				CLANG_WARN_BLOCK_CAPTURE_AUTORELEASING = YES;
				CLANG_WARN_BOOL_CONVERSION = YES;
				CLANG_WARN_COMMA = YES;
				CLANG_WARN_CONSTANT_CONVERSION = YES;
				CLANG_WARN_DEPRECATED_OBJC_IMPLEMENTATIONS = YES;
				CLANG_WARN_DIRECT_OBJC_ISA_USAGE = YES_ERROR;
				CLANG_WARN_DOCUMENTATION_COMMENTS = YES;
				CLANG_WARN_EMPTY_BODY = YES;
				CLANG_WARN_ENUM_CONVERSION = YES;
				CLANG_WARN_INFINITE_RECURSION = YES;
				CLANG_WARN_INT_CONVERSION = YES;
				CLANG_WARN_NON_LITERAL_NULL_CONVERSION = YES;
				CLANG_WARN_OBJC_IMPLICIT_RETAIN_SELF = YES;
				CLANG_WARN_OBJC_LITERAL_CONVERSION = YES;
				CLANG_WARN_OBJC_ROOT_CLASS = YES_ERROR;
				CLANG_WARN_QUOTED_INCLUDE_IN_FRAMEWORK_HEADER = YES;
				CLANG_WARN_RANGE_LOOP_ANALYSIS = YES;
				CLANG_WARN_STRICT_PROTOTYPES = YES;
				CLANG_WARN_SUSPICIOUS_MOVE = YES;
				CLANG_WARN_UNGUARDED_AVAILABILITY = YES_AGGRESSIVE;
				CLANG_WARN_UNREACHABLE_CODE = YES;
				CLANG_WARN__DUPLICATE_METHOD_MATCH = YES;
				COPY_PHASE_STRIP = NO;
				DEBUG_INFORMATION_FORMAT = "dwarf-with-dsym";
				ENABLE_NS_ASSERTIONS = NO;
				ENABLE_STRICT_OBJC_MSGSEND = YES;
				ENABLE_USER_SCRIPT_SANDBOXING = YES;
				GCC_C_LANGUAGE_STANDARD = gnu17;
				GCC_NO_COMMON_BLOCKS = YES;
				GCC_WARN_64_TO_32_BIT_CONVERSION = YES;
				GCC_WARN_ABOUT_RETURN_TYPE = YES_ERROR;
				GCC_WARN_UNDECLARED_SELECTOR = YES;
				GCC_WARN_UNINITIALIZED_AUTOS = YES_AGGRESSIVE;
				GCC_WARN_UNUSED_FUNCTION = YES;
				GCC_WARN_UNUSED_VARIABLE = YES;
				IPHONEOS_DEPLOYMENT_TARGET = 17.5;
				LOCALIZATION_PREFERS_STRING_CATALOGS = YES;
				MTL_ENABLE_DEBUG_INFO = NO;
				MTL_FAST_MATH = YES;
				SDKROOT = iphoneos;
				SWIFT_COMPILATION_MODE = wholemodule;
				VALIDATE_PRODUCT = YES;
			};
			name = Release;
		};
		FF068A852CE4CADA001272C2 /* Debug */ = {
			isa = XCBuildConfiguration;
			buildSettings = {
				ASSETCATALOG_COMPILER_APPICON_NAME = AppIcon;
				ASSETCATALOG_COMPILER_GLOBAL_ACCENT_COLOR_NAME = AccentColor;
				CODE_SIGN_STYLE = Automatic;
				CURRENT_PROJECT_VERSION = 1;
				DEVELOPMENT_ASSET_PATHS = "\"BetterMe/Preview Content\"";
				ENABLE_PREVIEWS = YES;
				GENERATE_INFOPLIST_FILE = YES;
				INFOPLIST_KEY_UIApplicationSceneManifest_Generation = YES;
				INFOPLIST_KEY_UIApplicationSupportsIndirectInputEvents = YES;
				INFOPLIST_KEY_UILaunchScreen_Generation = YES;
				INFOPLIST_KEY_UISupportedInterfaceOrientations_iPad = "UIInterfaceOrientationPortrait UIInterfaceOrientationPortraitUpsideDown UIInterfaceOrientationLandscapeLeft UIInterfaceOrientationLandscapeRight";
				INFOPLIST_KEY_UISupportedInterfaceOrientations_iPhone = "UIInterfaceOrientationPortrait UIInterfaceOrientationLandscapeLeft UIInterfaceOrientationLandscapeRight";
				LD_RUNPATH_SEARCH_PATHS = (
					"$(inherited)",
					"@executable_path/Frameworks",
				);
				MARKETING_VERSION = 1.0;
				PRODUCT_BUNDLE_IDENTIFIER = com.audydev.BetterMe;
				PRODUCT_NAME = "$(TARGET_NAME)";
				SWIFT_EMIT_LOC_STRINGS = YES;
				SWIFT_VERSION = 5.0;
				TARGETED_DEVICE_FAMILY = "1,2";
			};
			name = Debug;
		};
		FF068A862CE4CADA001272C2 /* Release */ = {
			isa = XCBuildConfiguration;
			buildSettings = {
				ASSETCATALOG_COMPILER_APPICON_NAME = AppIcon;
				ASSETCATALOG_COMPILER_GLOBAL_ACCENT_COLOR_NAME = AccentColor;
				CODE_SIGN_STYLE = Automatic;
				CURRENT_PROJECT_VERSION = 1;
				DEVELOPMENT_ASSET_PATHS = "\"BetterMe/Preview Content\"";
				ENABLE_PREVIEWS = YES;
				GENERATE_INFOPLIST_FILE = YES;
				INFOPLIST_KEY_UIApplicationSceneManifest_Generation = YES;
				INFOPLIST_KEY_UIApplicationSupportsIndirectInputEvents = YES;
				INFOPLIST_KEY_UILaunchScreen_Generation = YES;
				INFOPLIST_KEY_UISupportedInterfaceOrientations_iPad = "UIInterfaceOrientationPortrait UIInterfaceOrientationPortraitUpsideDown UIInterfaceOrientationLandscapeLeft UIInterfaceOrientationLandscapeRight";
				INFOPLIST_KEY_UISupportedInterfaceOrientations_iPhone = "UIInterfaceOrientationPortrait UIInterfaceOrientationLandscapeLeft UIInterfaceOrientationLandscapeRight";
				LD_RUNPATH_SEARCH_PATHS = (
					"$(inherited)",
					"@executable_path/Frameworks",
				);
				MARKETING_VERSION = 1.0;
				PRODUCT_BUNDLE_IDENTIFIER = com.audydev.BetterMe;
				PRODUCT_NAME = "$(TARGET_NAME)";
				SWIFT_EMIT_LOC_STRINGS = YES;
				SWIFT_VERSION = 5.0;
				TARGETED_DEVICE_FAMILY = "1,2";
			};
			name = Release;
		};
/* End XCBuildConfiguration section */

/* Begin XCConfigurationList section */
		FF068A712CE4CACE001272C2 /* Build configuration list for PBXProject "BetterMe" */ = {
			isa = XCConfigurationList;
			buildConfigurations = (
				FF068A822CE4CADA001272C2 /* Debug */,
				FF068A832CE4CADA001272C2 /* Release */,
			);
			defaultConfigurationIsVisible = 0;
			defaultConfigurationName = Release;
		};
		FF068A842CE4CADA001272C2 /* Build configuration list for PBXNativeTarget "BetterMe" */ = {
			isa = XCConfigurationList;
			buildConfigurations = (
				FF068A852CE4CADA001272C2 /* Debug */,
				FF068A862CE4CADA001272C2 /* Release */,
			);
			defaultConfigurationIsVisible = 0;
			defaultConfigurationName = Release;
		};
/* End XCConfigurationList section */
	};
	rootObject = FF068A6E2CE4CACD001272C2 /* Project object */;
}
